
Microsoft Visual Studio Solution File, Format Version 12.00
# Visual Studio Version 17
VisualStudioVersion = 17.5.33627.172
MinimumVisualStudioVersion = 10.0.40219.1
Project("{888888A0-9F3D-457C-B088-3A5042F75D52}") = "Discord-Bot-AutoPublisher", "Discord-Bot-AutoPublisher.pyproj", "{8C5F383C-1838-4FC9-853D-9426A4DA49CA}"
EndProject
Project("{2150E333-8FDC-42A3-9474-1A3956D46DE8}") = "Projektmappenelemente", "Projektmappenelemente", "{C4083A9B-DFB3-45E7-91EF-F4FC501920AE}"
	ProjectSection(SolutionItems) = preProject
		.env = .env
		.env.template = .env.template
		.gitattributes = .gitattributes
		.gitignore = .gitignore
		.gitlab-ci.yml = .gitlab-ci.yml
		Dockerfile = Dockerfile
		LICENSE.txt = LICENSE.txt
		README.md = README.md
	EndProjectSection
EndProject
Global
	GlobalSection(SolutionConfigurationPlatforms) = preSolution
		Debug|Any CPU = Debug|Any CPU
		Release|Any CPU = Release|Any CPU
	EndGlobalSection
	GlobalSection(ProjectConfigurationPlatforms) = postSolution
		{8C5F383C-1838-4FC9-853D-9426A4DA49CA}.Debug|Any CPU.ActiveCfg = Debug|Any CPU
		{8C5F383C-1838-4FC9-853D-9426A4DA49CA}.Release|Any CPU.ActiveCfg = Release|Any CPU
	EndGlobalSection
	GlobalSection(SolutionProperties) = preSolution
		HideSolutionNode = FALSE
	EndGlobalSection
	GlobalSection(ExtensibilityGlobals) = postSolution
		SolutionGuid = {F9508053-DBA5-463C-AC33-E35900175EC3}
	EndGlobalSection
EndGlobal
